// !$*UTF8*$!
{
	archiveVersion = 1;
	classes = {
	};
	objectVersion = 55;
	objects = {

/* Begin PBXBuildFile section */
		EA1BB6692701D84900839EB3 /* 10-24.swift in Sources */ = {isa = PBXBuildFile; fileRef = EA1BB6682701D84900839EB3 /* 10-24.swift */; };
/* End PBXBuildFile section */

/* Begin PBXCopyFilesBuildPhase section */
		EA8B656826FC6E6D000592ED /* CopyFiles */ = {
			isa = PBXCopyFilesBuildPhase;
			buildActionMask = 2147483647;
			dstPath = /usr/share/man/man1/;
			dstSubfolderSpec = 0;
			files = (
			);
			runOnlyForDeploymentPostprocessing = 1;
		};
/* End PBXCopyFilesBuildPhase section */

/* Begin PBXFileReference section */
		EA1BB65B2701C9AD00839EB3 /* 10-18.swift */ = {isa = PBXFileReference; lastKnownFileType = sourcecode.swift; path = "10-18.swift"; sourceTree = "<group>"; };
		EA1BB65D2701CDBF00839EB3 /* 10-19.swift */ = {isa = PBXFileReference; lastKnownFileType = sourcecode.swift; path = "10-19.swift"; sourceTree = "<group>"; };
		EA1BB65F2701CF9000839EB3 /* 10-20,21.swift */ = {isa = PBXFileReference; lastKnownFileType = sourcecode.swift; path = "10-20,21.swift"; sourceTree = "<group>"; };
		EA1BB6642701D42400839EB3 /* 10-22.swift */ = {isa = PBXFileReference; lastKnownFileType = sourcecode.swift; path = "10-22.swift"; sourceTree = "<group>"; };
		EA1BB6662701D69100839EB3 /* 10-23.swift */ = {isa = PBXFileReference; lastKnownFileType = sourcecode.swift; path = "10-23.swift"; sourceTree = "<group>"; };
		EA1BB6682701D84900839EB3 /* 10-24.swift */ = {isa = PBXFileReference; lastKnownFileType = sourcecode.swift; path = "10-24.swift"; sourceTree = "<group>"; };
		EA65E3AE26FD89C90043F568 /* 10-17.swift */ = {isa = PBXFileReference; lastKnownFileType = sourcecode.swift; path = "10-17.swift"; sourceTree = "<group>"; };
		EA68BF9D26FD6E43009AD893 /* 10-13.swift */ = {isa = PBXFileReference; lastKnownFileType = sourcecode.swift; path = "10-13.swift"; sourceTree = "<group>"; };
		EA68BF9F26FD6F50009AD893 /* 10-14,15.swift */ = {isa = PBXFileReference; lastKnownFileType = sourcecode.swift; path = "10-14,15.swift"; sourceTree = "<group>"; };
		EA68BFA126FD712E009AD893 /* 10-16.swift */ = {isa = PBXFileReference; lastKnownFileType = sourcecode.swift; path = "10-16.swift"; sourceTree = "<group>"; };
		EA8B656A26FC6E6D000592ED /* ch10 */ = {isa = PBXFileReference; explicitFileType = "compiled.mach-o.executable"; includeInIndex = 0; path = ch10; sourceTree = BUILT_PRODUCTS_DIR; };
		EA8B656D26FC6E6D000592ED /* 10-1.swift */ = {isa = PBXFileReference; lastKnownFileType = sourcecode.swift; path = "10-1.swift"; sourceTree = "<group>"; };
		EA8B657426FC7024000592ED /* 10-2.swift */ = {isa = PBXFileReference; lastKnownFileType = sourcecode.swift; path = "10-2.swift"; sourceTree = "<group>"; };
		EA8B657726FC89BD000592ED /* 10-3.swift */ = {isa = PBXFileReference; lastKnownFileType = sourcecode.swift; path = "10-3.swift"; sourceTree = "<group>"; };
		EA8B657A26FC8C00000592ED /* 10-4.swift */ = {isa = PBXFileReference; lastKnownFileType = sourcecode.swift; path = "10-4.swift"; sourceTree = "<group>"; };
		EA8B657C26FC8CFB000592ED /* 10-5.swift */ = {isa = PBXFileReference; lastKnownFileType = sourcecode.swift; path = "10-5.swift"; sourceTree = "<group>"; };
		EA8B657E26FC8EAA000592ED /* 10-6.swift */ = {isa = PBXFileReference; lastKnownFileType = sourcecode.swift; path = "10-6.swift"; sourceTree = "<group>"; };
		EA8B658026FC8FBA000592ED /* 10-7.swift */ = {isa = PBXFileReference; lastKnownFileType = sourcecode.swift; path = "10-7.swift"; sourceTree = "<group>"; };
		EA8B658226FC90DD000592ED /* 10-8.swift */ = {isa = PBXFileReference; lastKnownFileType = sourcecode.swift; path = "10-8.swift"; sourceTree = "<group>"; };
		EA8B658426FC9157000592ED /* 10-9.swift */ = {isa = PBXFileReference; lastKnownFileType = sourcecode.swift; path = "10-9.swift"; sourceTree = "<group>"; };
		EAC1AF3926FCACBA0096334C /* 10-10.swift */ = {isa = PBXFileReference; lastKnownFileType = sourcecode.swift; path = "10-10.swift"; sourceTree = "<group>"; };
		EAC1AF3B26FCAEEE0096334C /* 10-11.swift */ = {isa = PBXFileReference; lastKnownFileType = sourcecode.swift; path = "10-11.swift"; sourceTree = "<group>"; };
		EAC1AF3D26FCB1080096334C /* 10-12.swift */ = {isa = PBXFileReference; lastKnownFileType = sourcecode.swift; path = "10-12.swift"; sourceTree = "<group>"; };
/* End PBXFileReference section */

/* Begin PBXFrameworksBuildPhase section */
		EA8B656726FC6E6D000592ED /* Frameworks */ = {
			isa = PBXFrameworksBuildPhase;
			buildActionMask = 2147483647;
			files = (
			);
			runOnlyForDeploymentPostprocessing = 0;
		};
/* End PBXFrameworksBuildPhase section */

/* Begin PBXGroup section */
		EA8B656126FC6E6D000592ED = {
			isa = PBXGroup;
			children = (
				EA8B656C26FC6E6D000592ED /* ch10 */,
				EA8B656B26FC6E6D000592ED /* Products */,
			);
			sourceTree = "<group>";
		};
		EA8B656B26FC6E6D000592ED /* Products */ = {
			isa = PBXGroup;
			children = (
				EA8B656A26FC6E6D000592ED /* ch10 */,
			);
			name = Products;
			sourceTree = "<group>";
		};
		EA8B656C26FC6E6D000592ED /* ch10 */ = {
			isa = PBXGroup;
			children = (
				EA8B656D26FC6E6D000592ED /* 10-1.swift */,
				EA8B657426FC7024000592ED /* 10-2.swift */,
				EA8B657726FC89BD000592ED /* 10-3.swift */,
				EA8B657A26FC8C00000592ED /* 10-4.swift */,
				EA8B657C26FC8CFB000592ED /* 10-5.swift */,
				EA8B657E26FC8EAA000592ED /* 10-6.swift */,
				EA8B658026FC8FBA000592ED /* 10-7.swift */,
				EA8B658226FC90DD000592ED /* 10-8.swift */,
				EA8B658426FC9157000592ED /* 10-9.swift */,
				EAC1AF3926FCACBA0096334C /* 10-10.swift */,
				EAC1AF3B26FCAEEE0096334C /* 10-11.swift */,
				EAC1AF3D26FCB1080096334C /* 10-12.swift */,
				EA68BF9D26FD6E43009AD893 /* 10-13.swift */,
				EA68BF9F26FD6F50009AD893 /* 10-14,15.swift */,
				EA68BFA126FD712E009AD893 /* 10-16.swift */,
				EA65E3AE26FD89C90043F568 /* 10-17.swift */,
				EA1BB65B2701C9AD00839EB3 /* 10-18.swift */,
				EA1BB65D2701CDBF00839EB3 /* 10-19.swift */,
				EA1BB65F2701CF9000839EB3 /* 10-20,21.swift */,
				EA1BB6642701D42400839EB3 /* 10-22.swift */,
				EA1BB6662701D69100839EB3 /* 10-23.swift */,
				EA1BB6682701D84900839EB3 /* 10-24.swift */,
			);
			path = ch10;
			sourceTree = "<group>";
		};
/* End PBXGroup section */

/* Begin PBXNativeTarget section */
		EA8B656926FC6E6D000592ED /* ch10 */ = {
			isa = PBXNativeTarget;
			buildConfigurationList = EA8B657126FC6E6D000592ED /* Build configuration list for PBXNativeTarget "ch10" */;
			buildPhases = (
				EA8B656626FC6E6D000592ED /* Sources */,
				EA8B656726FC6E6D000592ED /* Frameworks */,
				EA8B656826FC6E6D000592ED /* CopyFiles */,
			);
			buildRules = (
			);
			dependencies = (
			);
			name = ch10;
			productName = ch10;
			productReference = EA8B656A26FC6E6D000592ED /* ch10 */;
			productType = "com.apple.product-type.tool";
		};
/* End PBXNativeTarget section */

/* Begin PBXProject section */
		EA8B656226FC6E6D000592ED /* Project object */ = {
			isa = PBXProject;
			attributes = {
				BuildIndependentTargetsInParallel = 1;
				LastSwiftUpdateCheck = 1300;
				LastUpgradeCheck = 1300;
				TargetAttributes = {
					EA8B656926FC6E6D000592ED = {
						CreatedOnToolsVersion = 13.0;
					};
				};
			};
			buildConfigurationList = EA8B656526FC6E6D000592ED /* Build configuration list for PBXProject "ch10" */;
			compatibilityVersion = "Xcode 13.0";
			developmentRegion = en;
			hasScannedForEncodings = 0;
			knownRegions = (
				en,
				Base,
			);
			mainGroup = EA8B656126FC6E6D000592ED;
			productRefGroup = EA8B656B26FC6E6D000592ED /* Products */;
			projectDirPath = "";
			projectRoot = "";
			targets = (
				EA8B656926FC6E6D000592ED /* ch10 */,
			);
		};
/* End PBXProject section */

/* Begin PBXSourcesBuildPhase section */
		EA8B656626FC6E6D000592ED /* Sources */ = {
			isa = PBXSourcesBuildPhase;
			buildActionMask = 2147483647;
			files = (
				EA1BB6692701D84900839EB3 /* 10-24.swift in Sources */,
			);
			runOnlyForDeploymentPostprocessing = 0;
		};
/* End PBXSourcesBuildPhase section */

/* Begin XCBuildConfiguration section */
		EA8B656F26FC6E6D000592ED /* Debug */ = {
			isa = XCBuildConfiguration;
			buildSettings = {
				ALWAYS_SEARCH_USER_PATHS = NO;
				CLANG_ANALYZER_NONNULL = YES;
				CLANG_ANALYZER_NUMBER_OBJECT_CONVERSION = YES_AGGRESSIVE;
				CLANG_CXX_LANGUAGE_STANDARD = "gnu++17";
				CLANG_CXX_LIBRARY = "libc++";
				CLANG_ENABLE_MODULES = YES;
				CLANG_ENABLE_OBJC_ARC = YES;
				CLANG_ENABLE_OBJC_WEAK = YES;
				CLANG_WARN_BLOCK_CAPTURE_AUTORELEASING = YES;
				CLANG_WARN_BOOL_CONVERSION = YES;
				CLANG_WARN_COMMA = YES;
				CLANG_WARN_CONSTANT_CONVERSION = YES;
				CLANG_WARN_DEPRECATED_OBJC_IMPLEMENTATIONS = YES;
				CLANG_WARN_DIRECT_OBJC_ISA_USAGE = YES_ERROR;
				CLANG_WARN_DOCUMENTATION_COMMENTS = YES;
				CLANG_WARN_EMPTY_BODY = YES;
				CLANG_WARN_ENUM_CONVERSION = YES;
				CLANG_WARN_INFINITE_RECURSION = YES;
				CLANG_WARN_INT_CONVERSION = YES;
				CLANG_WARN_NON_LITERAL_NULL_CONVERSION = YES;
				CLANG_WARN_OBJC_IMPLICIT_RETAIN_SELF = YES;
				CLANG_WARN_OBJC_LITERAL_CONVERSION = YES;
				CLANG_WARN_OBJC_ROOT_CLASS = YES_ERROR;
				CLANG_WARN_QUOTED_INCLUDE_IN_FRAMEWORK_HEADER = YES;
				CLANG_WARN_RANGE_LOOP_ANALYSIS = YES;
				CLANG_WARN_STRICT_PROTOTYPES = YES;
				CLANG_WARN_SUSPICIOUS_MOVE = YES;
				CLANG_WARN_UNGUARDED_AVAILABILITY = YES_AGGRESSIVE;
				CLANG_WARN_UNREACHABLE_CODE = YES;
				CLANG_WARN__DUPLICATE_METHOD_MATCH = YES;
				COPY_PHASE_STRIP = NO;
				DEBUG_INFORMATION_FORMAT = dwarf;
				ENABLE_STRICT_OBJC_MSGSEND = YES;
				ENABLE_TESTABILITY = YES;
				GCC_C_LANGUAGE_STANDARD = gnu11;
				GCC_DYNAMIC_NO_PIC = NO;
				GCC_NO_COMMON_BLOCKS = YES;
				GCC_OPTIMIZATION_LEVEL = 0;
				GCC_PREPROCESSOR_DEFINITIONS = (
					"DEBUG=1",
					"$(inherited)",
				);
				GCC_WARN_64_TO_32_BIT_CONVERSION = YES;
				GCC_WARN_ABOUT_RETURN_TYPE = YES_ERROR;
				GCC_WARN_UNDECLARED_SELECTOR = YES;
				GCC_WARN_UNINITIALIZED_AUTOS = YES_AGGRESSIVE;
				GCC_WARN_UNUSED_FUNCTION = YES;
				GCC_WARN_UNUSED_VARIABLE = YES;
				MACOSX_DEPLOYMENT_TARGET = 11.3;
				MTL_ENABLE_DEBUG_INFO = INCLUDE_SOURCE;
				MTL_FAST_MATH = YES;
				ONLY_ACTIVE_ARCH = YES;
				SDKROOT = macosx;
				SWIFT_ACTIVE_COMPILATION_CONDITIONS = DEBUG;
				SWIFT_OPTIMIZATION_LEVEL = "-Onone";
			};
			name = Debug;
		};
		EA8B657026FC6E6D000592ED /* Release */ = {
			isa = XCBuildConfiguration;
			buildSettings = {
				ALWAYS_SEARCH_USER_PATHS = NO;
				CLANG_ANALYZER_NONNULL = YES;
				CLANG_ANALYZER_NUMBER_OBJECT_CONVERSION = YES_AGGRESSIVE;
				CLANG_CXX_LANGUAGE_STANDARD = "gnu++17";
				CLANG_CXX_LIBRARY = "libc++";
				CLANG_ENABLE_MODULES = YES;
				CLANG_ENABLE_OBJC_ARC = YES;
				CLANG_ENABLE_OBJC_WEAK = YES;
				CLANG_WARN_BLOCK_CAPTURE_AUTORELEASING = YES;
				CLANG_WARN_BOOL_CONVERSION = YES;
				CLANG_WARN_COMMA = YES;
				CLANG_WARN_CONSTANT_CONVERSION = YES;
				CLANG_WARN_DEPRECATED_OBJC_IMPLEMENTATIONS = YES;
				CLANG_WARN_DIRECT_OBJC_ISA_USAGE = YES_ERROR;
				CLANG_WARN_DOCUMENTATION_COMMENTS = YES;
				CLANG_WARN_EMPTY_BODY = YES;
				CLANG_WARN_ENUM_CONVERSION = YES;
				CLANG_WARN_INFINITE_RECURSION = YES;
				CLANG_WARN_INT_CONVERSION = YES;
				CLANG_WARN_NON_LITERAL_NULL_CONVERSION = YES;
				CLANG_WARN_OBJC_IMPLICIT_RETAIN_SELF = YES;
				CLANG_WARN_OBJC_LITERAL_CONVERSION = YES;
				CLANG_WARN_OBJC_ROOT_CLASS = YES_ERROR;
				CLANG_WARN_QUOTED_INCLUDE_IN_FRAMEWORK_HEADER = YES;
				CLANG_WARN_RANGE_LOOP_ANALYSIS = YES;
				CLANG_WARN_STRICT_PROTOTYPES = YES;
				CLANG_WARN_SUSPICIOUS_MOVE = YES;
				CLANG_WARN_UNGUARDED_AVAILABILITY = YES_AGGRESSIVE;
				CLANG_WARN_UNREACHABLE_CODE = YES;
				CLANG_WARN__DUPLICATE_METHOD_MATCH = YES;
				COPY_PHASE_STRIP = NO;
				DEBUG_INFORMATION_FORMAT = "dwarf-with-dsym";
				ENABLE_NS_ASSERTIONS = NO;
				ENABLE_STRICT_OBJC_MSGSEND = YES;
				GCC_C_LANGUAGE_STANDARD = gnu11;
				GCC_NO_COMMON_BLOCKS = YES;
				GCC_WARN_64_TO_32_BIT_CONVERSION = YES;
				GCC_WARN_ABOUT_RETURN_TYPE = YES_ERROR;
				GCC_WARN_UNDECLARED_SELECTOR = YES;
				GCC_WARN_UNINITIALIZED_AUTOS = YES_AGGRESSIVE;
				GCC_WARN_UNUSED_FUNCTION = YES;
				GCC_WARN_UNUSED_VARIABLE = YES;
				MACOSX_DEPLOYMENT_TARGET = 11.3;
				MTL_ENABLE_DEBUG_INFO = NO;
				MTL_FAST_MATH = YES;
				SDKROOT = macosx;
				SWIFT_COMPILATION_MODE = wholemodule;
				SWIFT_OPTIMIZATION_LEVEL = "-O";
			};
			name = Release;
		};
		EA8B657226FC6E6D000592ED /* Debug */ = {
			isa = XCBuildConfiguration;
			buildSettings = {
				CODE_SIGN_STYLE = Automatic;
				PRODUCT_NAME = "$(TARGET_NAME)";
				SWIFT_VERSION = 5.0;
			};
			name = Debug;
		};
		EA8B657326FC6E6D000592ED /* Release */ = {
			isa = XCBuildConfiguration;
			buildSettings = {
				CODE_SIGN_STYLE = Automatic;
				PRODUCT_NAME = "$(TARGET_NAME)";
				SWIFT_VERSION = 5.0;
			};
			name = Release;
		};
/* End XCBuildConfiguration section */

/* Begin XCConfigurationList section */
		EA8B656526FC6E6D000592ED /* Build configuration list for PBXProject "ch10" */ = {
			isa = XCConfigurationList;
			buildConfigurations = (
				EA8B656F26FC6E6D000592ED /* Debug */,
				EA8B657026FC6E6D000592ED /* Release */,
			);
			defaultConfigurationIsVisible = 0;
			defaultConfigurationName = Release;
		};
		EA8B657126FC6E6D000592ED /* Build configuration list for PBXNativeTarget "ch10" */ = {
			isa = XCConfigurationList;
			buildConfigurations = (
				EA8B657226FC6E6D000592ED /* Debug */,
				EA8B657326FC6E6D000592ED /* Release */,
			);
			defaultConfigurationIsVisible = 0;
			defaultConfigurationName = Release;
		};
/* End XCConfigurationList section */
	};
	rootObject = EA8B656226FC6E6D000592ED /* Project object */;
}
