// !$*UTF8*$!
{
	archiveVersion = 1;
	classes = {
	};
	objectVersion = 55;
	objects = {

/* Begin PBXBuildFile section */
		EA656581270B1EF100BD18CC /* 11-13,14.swift in Sources */ = {isa = PBXBuildFile; fileRef = EA656580270B1EF100BD18CC /* 11-13,14.swift */; };
/* End PBXBuildFile section */

/* Begin PBXCopyFilesBuildPhase section */
		EA656562270AF4FF00BD18CC /* CopyFiles */ = {
			isa = PBXCopyFilesBuildPhase;
			buildActionMask = 2147483647;
			dstPath = /usr/share/man/man1/;
			dstSubfolderSpec = 0;
			files = (
			);
			runOnlyForDeploymentPostprocessing = 1;
		};
/* End PBXCopyFilesBuildPhase section */

/* Begin PBXFileReference section */
		EA656564270AF4FF00BD18CC /* ch11 */ = {isa = PBXFileReference; explicitFileType = "compiled.mach-o.executable"; includeInIndex = 0; path = ch11; sourceTree = BUILT_PRODUCTS_DIR; };
		EA656567270AF4FF00BD18CC /* 11-1.swift */ = {isa = PBXFileReference; lastKnownFileType = sourcecode.swift; path = "11-1.swift"; sourceTree = "<group>"; };
		EA65656E270B043A00BD18CC /* 11-2,3.swift */ = {isa = PBXFileReference; lastKnownFileType = sourcecode.swift; path = "11-2,3.swift"; sourceTree = "<group>"; };
		EA656570270B05D800BD18CC /* 11-4.swift */ = {isa = PBXFileReference; lastKnownFileType = sourcecode.swift; path = "11-4.swift"; sourceTree = "<group>"; };
		EA656572270B090400BD18CC /* 11-5.swift */ = {isa = PBXFileReference; lastKnownFileType = sourcecode.swift; path = "11-5.swift"; sourceTree = "<group>"; };
		EA656574270B0A7500BD18CC /* 11-6.swift */ = {isa = PBXFileReference; lastKnownFileType = sourcecode.swift; path = "11-6.swift"; sourceTree = "<group>"; };
		EA656576270B0B4100BD18CC /* 11-7.swift */ = {isa = PBXFileReference; lastKnownFileType = sourcecode.swift; path = "11-7.swift"; sourceTree = "<group>"; };
		EA656578270B0DC700BD18CC /* 11-8.swift */ = {isa = PBXFileReference; lastKnownFileType = sourcecode.swift; path = "11-8.swift"; sourceTree = "<group>"; };
		EA65657A270B106E00BD18CC /* 11-9 .swift */ = {isa = PBXFileReference; lastKnownFileType = sourcecode.swift; path = "11-9 .swift"; sourceTree = "<group>"; };
		EA65657C270B12DD00BD18CC /* 10-10.swift */ = {isa = PBXFileReference; lastKnownFileType = sourcecode.swift; path = "10-10.swift"; sourceTree = "<group>"; };
		EA65657E270B146C00BD18CC /* 11-11,12.swift */ = {isa = PBXFileReference; lastKnownFileType = sourcecode.swift; path = "11-11,12.swift"; sourceTree = "<group>"; };
		EA656580270B1EF100BD18CC /* 11-13,14.swift */ = {isa = PBXFileReference; lastKnownFileType = sourcecode.swift; path = "11-13,14.swift"; sourceTree = "<group>"; };
		EA656583270B222400BD18CC /* README.md */ = {isa = PBXFileReference; lastKnownFileType = net.daringfireball.markdown; path = README.md; sourceTree = "<group>"; };
/* End PBXFileReference section */

/* Begin PBXFrameworksBuildPhase section */
		EA656561270AF4FF00BD18CC /* Frameworks */ = {
			isa = PBXFrameworksBuildPhase;
			buildActionMask = 2147483647;
			files = (
			);
			runOnlyForDeploymentPostprocessing = 0;
		};
/* End PBXFrameworksBuildPhase section */

/* Begin PBXGroup section */
		EA65655B270AF4FF00BD18CC = {
			isa = PBXGroup;
			children = (
				EA656583270B222400BD18CC /* README.md */,
				EA656566270AF4FF00BD18CC /* ch11 */,
				EA656565270AF4FF00BD18CC /* Products */,
			);
			sourceTree = "<group>";
		};
		EA656565270AF4FF00BD18CC /* Products */ = {
			isa = PBXGroup;
			children = (
				EA656564270AF4FF00BD18CC /* ch11 */,
			);
			name = Products;
			sourceTree = "<group>";
		};
		EA656566270AF4FF00BD18CC /* ch11 */ = {
			isa = PBXGroup;
			children = (
				EA656567270AF4FF00BD18CC /* 11-1.swift */,
				EA65656E270B043A00BD18CC /* 11-2,3.swift */,
				EA656570270B05D800BD18CC /* 11-4.swift */,
				EA656572270B090400BD18CC /* 11-5.swift */,
				EA656574270B0A7500BD18CC /* 11-6.swift */,
				EA656576270B0B4100BD18CC /* 11-7.swift */,
				EA656578270B0DC700BD18CC /* 11-8.swift */,
				EA65657A270B106E00BD18CC /* 11-9 .swift */,
				EA65657C270B12DD00BD18CC /* 10-10.swift */,
				EA65657E270B146C00BD18CC /* 11-11,12.swift */,
				EA656580270B1EF100BD18CC /* 11-13,14.swift */,
			);
			path = ch11;
			sourceTree = "<group>";
		};
/* End PBXGroup section */

/* Begin PBXNativeTarget section */
		EA656563270AF4FF00BD18CC /* ch11 */ = {
			isa = PBXNativeTarget;
			buildConfigurationList = EA65656B270AF4FF00BD18CC /* Build configuration list for PBXNativeTarget "ch11" */;
			buildPhases = (
				EA656560270AF4FF00BD18CC /* Sources */,
				EA656561270AF4FF00BD18CC /* Frameworks */,
				EA656562270AF4FF00BD18CC /* CopyFiles */,
			);
			buildRules = (
			);
			dependencies = (
			);
			name = ch11;
			productName = ch11;
			productReference = EA656564270AF4FF00BD18CC /* ch11 */;
			productType = "com.apple.product-type.tool";
		};
/* End PBXNativeTarget section */

/* Begin PBXProject section */
		EA65655C270AF4FF00BD18CC /* Project object */ = {
			isa = PBXProject;
			attributes = {
				BuildIndependentTargetsInParallel = 1;
				LastSwiftUpdateCheck = 1300;
				LastUpgradeCheck = 1300;
				TargetAttributes = {
					EA656563270AF4FF00BD18CC = {
						CreatedOnToolsVersion = 13.0;
					};
				};
			};
			buildConfigurationList = EA65655F270AF4FF00BD18CC /* Build configuration list for PBXProject "ch11" */;
			compatibilityVersion = "Xcode 13.0";
			developmentRegion = en;
			hasScannedForEncodings = 0;
			knownRegions = (
				en,
				Base,
			);
			mainGroup = EA65655B270AF4FF00BD18CC;
			productRefGroup = EA656565270AF4FF00BD18CC /* Products */;
			projectDirPath = "";
			projectRoot = "";
			targets = (
				EA656563270AF4FF00BD18CC /* ch11 */,
			);
		};
/* End PBXProject section */

/* Begin PBXSourcesBuildPhase section */
		EA656560270AF4FF00BD18CC /* Sources */ = {
			isa = PBXSourcesBuildPhase;
			buildActionMask = 2147483647;
			files = (
				EA656581270B1EF100BD18CC /* 11-13,14.swift in Sources */,
			);
			runOnlyForDeploymentPostprocessing = 0;
		};
/* End PBXSourcesBuildPhase section */

/* Begin XCBuildConfiguration section */
		EA656569270AF4FF00BD18CC /* Debug */ = {
			isa = XCBuildConfiguration;
			buildSettings = {
				ALWAYS_SEARCH_USER_PATHS = NO;
				CLANG_ANALYZER_NONNULL = YES;
				CLANG_ANALYZER_NUMBER_OBJECT_CONVERSION = YES_AGGRESSIVE;
				CLANG_CXX_LANGUAGE_STANDARD = "gnu++17";
				CLANG_CXX_LIBRARY = "libc++";
				CLANG_ENABLE_MODULES = YES;
				CLANG_ENABLE_OBJC_ARC = YES;
				CLANG_ENABLE_OBJC_WEAK = YES;
				CLANG_WARN_BLOCK_CAPTURE_AUTORELEASING = YES;
				CLANG_WARN_BOOL_CONVERSION = YES;
				CLANG_WARN_COMMA = YES;
				CLANG_WARN_CONSTANT_CONVERSION = YES;
				CLANG_WARN_DEPRECATED_OBJC_IMPLEMENTATIONS = YES;
				CLANG_WARN_DIRECT_OBJC_ISA_USAGE = YES_ERROR;
				CLANG_WARN_DOCUMENTATION_COMMENTS = YES;
				CLANG_WARN_EMPTY_BODY = YES;
				CLANG_WARN_ENUM_CONVERSION = YES;
				CLANG_WARN_INFINITE_RECURSION = YES;
				CLANG_WARN_INT_CONVERSION = YES;
				CLANG_WARN_NON_LITERAL_NULL_CONVERSION = YES;
				CLANG_WARN_OBJC_IMPLICIT_RETAIN_SELF = YES;
				CLANG_WARN_OBJC_LITERAL_CONVERSION = YES;
				CLANG_WARN_OBJC_ROOT_CLASS = YES_ERROR;
				CLANG_WARN_QUOTED_INCLUDE_IN_FRAMEWORK_HEADER = YES;
				CLANG_WARN_RANGE_LOOP_ANALYSIS = YES;
				CLANG_WARN_STRICT_PROTOTYPES = YES;
				CLANG_WARN_SUSPICIOUS_MOVE = YES;
				CLANG_WARN_UNGUARDED_AVAILABILITY = YES_AGGRESSIVE;
				CLANG_WARN_UNREACHABLE_CODE = YES;
				CLANG_WARN__DUPLICATE_METHOD_MATCH = YES;
				COPY_PHASE_STRIP = NO;
				DEBUG_INFORMATION_FORMAT = dwarf;
				ENABLE_STRICT_OBJC_MSGSEND = YES;
				ENABLE_TESTABILITY = YES;
				GCC_C_LANGUAGE_STANDARD = gnu11;
				GCC_DYNAMIC_NO_PIC = NO;
				GCC_NO_COMMON_BLOCKS = YES;
				GCC_OPTIMIZATION_LEVEL = 0;
				GCC_PREPROCESSOR_DEFINITIONS = (
					"DEBUG=1",
					"$(inherited)",
				);
				GCC_WARN_64_TO_32_BIT_CONVERSION = YES;
				GCC_WARN_ABOUT_RETURN_TYPE = YES_ERROR;
				GCC_WARN_UNDECLARED_SELECTOR = YES;
				GCC_WARN_UNINITIALIZED_AUTOS = YES_AGGRESSIVE;
				GCC_WARN_UNUSED_FUNCTION = YES;
				GCC_WARN_UNUSED_VARIABLE = YES;
				MACOSX_DEPLOYMENT_TARGET = 11.3;
				MTL_ENABLE_DEBUG_INFO = INCLUDE_SOURCE;
				MTL_FAST_MATH = YES;
				ONLY_ACTIVE_ARCH = YES;
				SDKROOT = macosx;
				SWIFT_ACTIVE_COMPILATION_CONDITIONS = DEBUG;
				SWIFT_OPTIMIZATION_LEVEL = "-Onone";
			};
			name = Debug;
		};
		EA65656A270AF4FF00BD18CC /* Release */ = {
			isa = XCBuildConfiguration;
			buildSettings = {
				ALWAYS_SEARCH_USER_PATHS = NO;
				CLANG_ANALYZER_NONNULL = YES;
				CLANG_ANALYZER_NUMBER_OBJECT_CONVERSION = YES_AGGRESSIVE;
				CLANG_CXX_LANGUAGE_STANDARD = "gnu++17";
				CLANG_CXX_LIBRARY = "libc++";
				CLANG_ENABLE_MODULES = YES;
				CLANG_ENABLE_OBJC_ARC = YES;
				CLANG_ENABLE_OBJC_WEAK = YES;
				CLANG_WARN_BLOCK_CAPTURE_AUTORELEASING = YES;
				CLANG_WARN_BOOL_CONVERSION = YES;
				CLANG_WARN_COMMA = YES;
				CLANG_WARN_CONSTANT_CONVERSION = YES;
				CLANG_WARN_DEPRECATED_OBJC_IMPLEMENTATIONS = YES;
				CLANG_WARN_DIRECT_OBJC_ISA_USAGE = YES_ERROR;
				CLANG_WARN_DOCUMENTATION_COMMENTS = YES;
				CLANG_WARN_EMPTY_BODY = YES;
				CLANG_WARN_ENUM_CONVERSION = YES;
				CLANG_WARN_INFINITE_RECURSION = YES;
				CLANG_WARN_INT_CONVERSION = YES;
				CLANG_WARN_NON_LITERAL_NULL_CONVERSION = YES;
				CLANG_WARN_OBJC_IMPLICIT_RETAIN_SELF = YES;
				CLANG_WARN_OBJC_LITERAL_CONVERSION = YES;
				CLANG_WARN_OBJC_ROOT_CLASS = YES_ERROR;
				CLANG_WARN_QUOTED_INCLUDE_IN_FRAMEWORK_HEADER = YES;
				CLANG_WARN_RANGE_LOOP_ANALYSIS = YES;
				CLANG_WARN_STRICT_PROTOTYPES = YES;
				CLANG_WARN_SUSPICIOUS_MOVE = YES;
				CLANG_WARN_UNGUARDED_AVAILABILITY = YES_AGGRESSIVE;
				CLANG_WARN_UNREACHABLE_CODE = YES;
				CLANG_WARN__DUPLICATE_METHOD_MATCH = YES;
				COPY_PHASE_STRIP = NO;
				DEBUG_INFORMATION_FORMAT = "dwarf-with-dsym";
				ENABLE_NS_ASSERTIONS = NO;
				ENABLE_STRICT_OBJC_MSGSEND = YES;
				GCC_C_LANGUAGE_STANDARD = gnu11;
				GCC_NO_COMMON_BLOCKS = YES;
				GCC_WARN_64_TO_32_BIT_CONVERSION = YES;
				GCC_WARN_ABOUT_RETURN_TYPE = YES_ERROR;
				GCC_WARN_UNDECLARED_SELECTOR = YES;
				GCC_WARN_UNINITIALIZED_AUTOS = YES_AGGRESSIVE;
				GCC_WARN_UNUSED_FUNCTION = YES;
				GCC_WARN_UNUSED_VARIABLE = YES;
				MACOSX_DEPLOYMENT_TARGET = 11.3;
				MTL_ENABLE_DEBUG_INFO = NO;
				MTL_FAST_MATH = YES;
				SDKROOT = macosx;
				SWIFT_COMPILATION_MODE = wholemodule;
				SWIFT_OPTIMIZATION_LEVEL = "-O";
			};
			name = Release;
		};
		EA65656C270AF4FF00BD18CC /* Debug */ = {
			isa = XCBuildConfiguration;
			buildSettings = {
				CODE_SIGN_STYLE = Automatic;
				PRODUCT_NAME = "$(TARGET_NAME)";
				SWIFT_VERSION = 5.0;
			};
			name = Debug;
		};
		EA65656D270AF4FF00BD18CC /* Release */ = {
			isa = XCBuildConfiguration;
			buildSettings = {
				CODE_SIGN_STYLE = Automatic;
				PRODUCT_NAME = "$(TARGET_NAME)";
				SWIFT_VERSION = 5.0;
			};
			name = Release;
		};
/* End XCBuildConfiguration section */

/* Begin XCConfigurationList section */
		EA65655F270AF4FF00BD18CC /* Build configuration list for PBXProject "ch11" */ = {
			isa = XCConfigurationList;
			buildConfigurations = (
				EA656569270AF4FF00BD18CC /* Debug */,
				EA65656A270AF4FF00BD18CC /* Release */,
			);
			defaultConfigurationIsVisible = 0;
			defaultConfigurationName = Release;
		};
		EA65656B270AF4FF00BD18CC /* Build configuration list for PBXNativeTarget "ch11" */ = {
			isa = XCConfigurationList;
			buildConfigurations = (
				EA65656C270AF4FF00BD18CC /* Debug */,
				EA65656D270AF4FF00BD18CC /* Release */,
			);
			defaultConfigurationIsVisible = 0;
			defaultConfigurationName = Release;
		};
/* End XCConfigurationList section */
	};
	rootObject = EA65655C270AF4FF00BD18CC /* Project object */;
}
